// !$*UTF8*$!
{
	archiveVersion = 1;
	classes = {
	};
	objectVersion = 46;
	objects = {

/* Begin PBXBuildFile section */
		1B349E0A1DE6CF8600AFBB12 /* AppDelegate.swift in Sources */ = {isa = PBXBuildFile; fileRef = 1B349E091DE6CF8600AFBB12 /* AppDelegate.swift */; };
		1B349E0C1DE6CF8600AFBB12 /* HomeController.swift in Sources */ = {isa = PBXBuildFile; fileRef = 1B349E0B1DE6CF8600AFBB12 /* HomeController.swift */; };
		1B349E0F1DE6CF8600AFBB12 /* Main.storyboard in Resources */ = {isa = PBXBuildFile; fileRef = 1B349E0D1DE6CF8600AFBB12 /* Main.storyboard */; };
		1B349E121DE6CF8600AFBB12 /* US_Real_San_Felice.xcdatamodeld in Sources */ = {isa = PBXBuildFile; fileRef = 1B349E101DE6CF8600AFBB12 /* US_Real_San_Felice.xcdatamodeld */; };
		1B349E141DE6CF8600AFBB12 /* Assets.xcassets in Resources */ = {isa = PBXBuildFile; fileRef = 1B349E131DE6CF8600AFBB12 /* Assets.xcassets */; };
		1B349E171DE6CF8600AFBB12 /* LaunchScreen.storyboard in Resources */ = {isa = PBXBuildFile; fileRef = 1B349E151DE6CF8600AFBB12 /* LaunchScreen.storyboard */; };
		1B3F30D21DEC239800D1C442 /* ViewDettagli.swift in Sources */ = {isa = PBXBuildFile; fileRef = 1B3F30D11DEC239800D1C442 /* ViewDettagli.swift */; };
		1B3F30D41DEC4A2000D1C442 /* ConvocatiController.swift in Sources */ = {isa = PBXBuildFile; fileRef = 1B3F30D31DEC4A2000D1C442 /* ConvocatiController.swift */; };
		1B43E7EA1DEECAD900E6E358 /* GalleryController.swift in Sources */ = {isa = PBXBuildFile; fileRef = 1B43E7E91DEECAD900E6E358 /* GalleryController.swift */; };
		1B43E7EC1DEEF3FE00E6E358 /* GoogleService-Info.plist in Resources */ = {isa = PBXBuildFile; fileRef = 1B43E7EB1DEEF3FE00E6E358 /* GoogleService-Info.plist */; };
		B77ABF101DE9E872006385AE /* RosaController.swift in Sources */ = {isa = PBXBuildFile; fileRef = B77ABF0F1DE9E872006385AE /* RosaController.swift */; };
		B77ABF131DE9EAB2006385AE /* Config.swift in Sources */ = {isa = PBXBuildFile; fileRef = B77ABF121DE9EAB2006385AE /* Config.swift */; };
		B77ABF171DE9EECB006385AE /* GiocatoreViewCell.swift in Sources */ = {isa = PBXBuildFile; fileRef = B77ABF151DE9EECB006385AE /* GiocatoreViewCell.swift */; };
		B77ABF181DE9EECB006385AE /* GiocatoreViewCell.xib in Resources */ = {isa = PBXBuildFile; fileRef = B77ABF161DE9EECB006385AE /* GiocatoreViewCell.xib */; };
		B77ABF1B1DE9F633006385AE /* extensions.swift in Sources */ = {isa = PBXBuildFile; fileRef = B77ABF1A1DE9F633006385AE /* extensions.swift */; };
		B77ABF1E1DE9F6D1006385AE /* Giocatore.swift in Sources */ = {isa = PBXBuildFile; fileRef = B77ABF1D1DE9F6D1006385AE /* Giocatore.swift */; };
		B77ABF201DEA08E8006385AE /* DettaglioGiocatoreController.swift in Sources */ = {isa = PBXBuildFile; fileRef = B77ABF1F1DEA08E8006385AE /* DettaglioGiocatoreController.swift */; };
		B77ABF221DEA1973006385AE /* ViewDettaglio.xib in Resources */ = {isa = PBXBuildFile; fileRef = B77ABF211DEA1973006385AE /* ViewDettaglio.xib */; };
		B7BDEA031DEE4490008B3E6E /* ImageGallery.swift in Sources */ = {isa = PBXBuildFile; fileRef = B7BDEA021DEE4490008B3E6E /* ImageGallery.swift */; };
		B7EE8DCF1DEE21D100A0A863 /* Partita.swift in Sources */ = {isa = PBXBuildFile; fileRef = B7EE8DCE1DEE21D100A0A863 /* Partita.swift */; };
		D5CCE11AEACAA6BC9D311FFA /* Pods_US_Real_San_Felice.framework in Frameworks */ = {isa = PBXBuildFile; fileRef = 3EB614648CBA49CC88FEA520 /* Pods_US_Real_San_Felice.framework */; };
/* End PBXBuildFile section */

/* Begin PBXFileReference section */
		1B349E061DE6CF8600AFBB12 /* US Real San Felice.app */ = {isa = PBXFileReference; explicitFileType = wrapper.application; includeInIndex = 0; path = "US Real San Felice.app"; sourceTree = BUILT_PRODUCTS_DIR; };
		1B349E091DE6CF8600AFBB12 /* AppDelegate.swift */ = {isa = PBXFileReference; lastKnownFileType = sourcecode.swift; path = AppDelegate.swift; sourceTree = "<group>"; };
		1B349E0B1DE6CF8600AFBB12 /* HomeController.swift */ = {isa = PBXFileReference; lastKnownFileType = sourcecode.swift; path = HomeController.swift; sourceTree = "<group>"; };
		1B349E0E1DE6CF8600AFBB12 /* Base */ = {isa = PBXFileReference; lastKnownFileType = file.storyboard; name = Base; path = Base.lproj/Main.storyboard; sourceTree = "<group>"; };
		1B349E111DE6CF8600AFBB12 /* US_Real_San_Felice.xcdatamodel */ = {isa = PBXFileReference; lastKnownFileType = wrapper.xcdatamodel; path = US_Real_San_Felice.xcdatamodel; sourceTree = "<group>"; };
		1B349E131DE6CF8600AFBB12 /* Assets.xcassets */ = {isa = PBXFileReference; lastKnownFileType = folder.assetcatalog; path = Assets.xcassets; sourceTree = "<group>"; };
		1B349E161DE6CF8600AFBB12 /* Base */ = {isa = PBXFileReference; lastKnownFileType = file.storyboard; name = Base; path = Base.lproj/LaunchScreen.storyboard; sourceTree = "<group>"; };
		1B349E181DE6CF8600AFBB12 /* Info.plist */ = {isa = PBXFileReference; lastKnownFileType = text.plist.xml; path = Info.plist; sourceTree = "<group>"; };
		1B3F30D11DEC239800D1C442 /* ViewDettagli.swift */ = {isa = PBXFileReference; fileEncoding = 4; lastKnownFileType = sourcecode.swift; path = ViewDettagli.swift; sourceTree = "<group>"; };
		1B3F30D31DEC4A2000D1C442 /* ConvocatiController.swift */ = {isa = PBXFileReference; fileEncoding = 4; lastKnownFileType = sourcecode.swift; path = ConvocatiController.swift; sourceTree = "<group>"; };
		1B43E7E91DEECAD900E6E358 /* GalleryController.swift */ = {isa = PBXFileReference; fileEncoding = 4; lastKnownFileType = sourcecode.swift; path = GalleryController.swift; sourceTree = "<group>"; };
		1B43E7EB1DEEF3FE00E6E358 /* GoogleService-Info.plist */ = {isa = PBXFileReference; fileEncoding = 4; lastKnownFileType = text.plist.xml; name = "GoogleService-Info.plist"; path = "../../../../Downloads/GoogleService-Info.plist"; sourceTree = "<group>"; };
		3EB614648CBA49CC88FEA520 /* Pods_US_Real_San_Felice.framework */ = {isa = PBXFileReference; explicitFileType = wrapper.framework; includeInIndex = 0; path = Pods_US_Real_San_Felice.framework; sourceTree = BUILT_PRODUCTS_DIR; };
		4742A8594C7FEF2B3E81DBBE /* Pods-US Real San Felice.debug.xcconfig */ = {isa = PBXFileReference; includeInIndex = 1; lastKnownFileType = text.xcconfig; name = "Pods-US Real San Felice.debug.xcconfig"; path = "Pods/Target Support Files/Pods-US Real San Felice/Pods-US Real San Felice.debug.xcconfig"; sourceTree = "<group>"; };
		B006751C5D3A987B145CB180 /* Pods-US Real San Felice.release.xcconfig */ = {isa = PBXFileReference; includeInIndex = 1; lastKnownFileType = text.xcconfig; name = "Pods-US Real San Felice.release.xcconfig"; path = "Pods/Target Support Files/Pods-US Real San Felice/Pods-US Real San Felice.release.xcconfig"; sourceTree = "<group>"; };
		B77ABF0F1DE9E872006385AE /* RosaController.swift */ = {isa = PBXFileReference; fileEncoding = 4; lastKnownFileType = sourcecode.swift; path = RosaController.swift; sourceTree = "<group>"; };
		B77ABF121DE9EAB2006385AE /* Config.swift */ = {isa = PBXFileReference; fileEncoding = 4; lastKnownFileType = sourcecode.swift; path = Config.swift; sourceTree = "<group>"; };
		B77ABF151DE9EECB006385AE /* GiocatoreViewCell.swift */ = {isa = PBXFileReference; fileEncoding = 4; lastKnownFileType = sourcecode.swift; path = GiocatoreViewCell.swift; sourceTree = "<group>"; };
		B77ABF161DE9EECB006385AE /* GiocatoreViewCell.xib */ = {isa = PBXFileReference; fileEncoding = 4; lastKnownFileType = file.xib; path = GiocatoreViewCell.xib; sourceTree = "<group>"; };
		B77ABF1A1DE9F633006385AE /* extensions.swift */ = {isa = PBXFileReference; fileEncoding = 4; lastKnownFileType = sourcecode.swift; path = extensions.swift; sourceTree = "<group>"; };
		B77ABF1D1DE9F6D1006385AE /* Giocatore.swift */ = {isa = PBXFileReference; fileEncoding = 4; lastKnownFileType = sourcecode.swift; path = Giocatore.swift; sourceTree = "<group>"; };
		B77ABF1F1DEA08E8006385AE /* DettaglioGiocatoreController.swift */ = {isa = PBXFileReference; fileEncoding = 4; lastKnownFileType = sourcecode.swift; path = DettaglioGiocatoreController.swift; sourceTree = "<group>"; };
		B77ABF211DEA1973006385AE /* ViewDettaglio.xib */ = {isa = PBXFileReference; fileEncoding = 4; lastKnownFileType = file.xib; path = ViewDettaglio.xib; sourceTree = "<group>"; };
		B7BDEA021DEE4490008B3E6E /* ImageGallery.swift */ = {isa = PBXFileReference; fileEncoding = 4; lastKnownFileType = sourcecode.swift; path = ImageGallery.swift; sourceTree = "<group>"; };
		B7EE8DCE1DEE21D100A0A863 /* Partita.swift */ = {isa = PBXFileReference; fileEncoding = 4; lastKnownFileType = sourcecode.swift; path = Partita.swift; sourceTree = "<group>"; };
/* End PBXFileReference section */

/* Begin PBXFrameworksBuildPhase section */
		1B349E031DE6CF8600AFBB12 /* Frameworks */ = {
			isa = PBXFrameworksBuildPhase;
			buildActionMask = 2147483647;
			files = (
				D5CCE11AEACAA6BC9D311FFA /* Pods_US_Real_San_Felice.framework in Frameworks */,
			);
			runOnlyForDeploymentPostprocessing = 0;
		};
/* End PBXFrameworksBuildPhase section */

/* Begin PBXGroup section */
		1B349DFD1DE6CF8600AFBB12 = {
			isa = PBXGroup;
			children = (
				1B349E081DE6CF8600AFBB12 /* US Real San Felice */,
				1B349E071DE6CF8600AFBB12 /* Products */,
				FDF140792B90D974ABB1CE1B /* Pods */,
				D4ADB7D9B4CBD68CB5BF4224 /* Frameworks */,
			);
			sourceTree = "<group>";
		};
		1B349E071DE6CF8600AFBB12 /* Products */ = {
			isa = PBXGroup;
			children = (
				1B349E061DE6CF8600AFBB12 /* US Real San Felice.app */,
			);
			name = Products;
			sourceTree = "<group>";
		};
		1B349E081DE6CF8600AFBB12 /* US Real San Felice */ = {
			isa = PBXGroup;
			children = (
				B77ABF1C1DE9F6C5006385AE /* to */,
				B77ABF191DE9F618006385AE /* utility */,
				B77ABF141DE9EE9B006385AE /* row */,
				B77ABF111DE9EA44006385AE /* config */,
				B77ABF0E1DE9E84B006385AE /* pages */,
				1B349E091DE6CF8600AFBB12 /* AppDelegate.swift */,
				1B349E0D1DE6CF8600AFBB12 /* Main.storyboard */,
				1B349E131DE6CF8600AFBB12 /* Assets.xcassets */,
				1B349E151DE6CF8600AFBB12 /* LaunchScreen.storyboard */,
				1B349E181DE6CF8600AFBB12 /* Info.plist */,
				1B43E7EB1DEEF3FE00E6E358 /* GoogleService-Info.plist */,
				1B349E101DE6CF8600AFBB12 /* US_Real_San_Felice.xcdatamodeld */,
			);
			path = "US Real San Felice";
			sourceTree = "<group>";
		};
		B77ABF0E1DE9E84B006385AE /* pages */ = {
			isa = PBXGroup;
			children = (
				1B349E0B1DE6CF8600AFBB12 /* HomeController.swift */,
				B77ABF0F1DE9E872006385AE /* RosaController.swift */,
				B77ABF1F1DEA08E8006385AE /* DettaglioGiocatoreController.swift */,
				B77ABF211DEA1973006385AE /* ViewDettaglio.xib */,
				1B3F30D11DEC239800D1C442 /* ViewDettagli.swift */,
				1B3F30D31DEC4A2000D1C442 /* ConvocatiController.swift */,
			);
			name = pages;
			sourceTree = "<group>";
		};
		B77ABF111DE9EA44006385AE /* config */ = {
			isa = PBXGroup;
			children = (
				B77ABF121DE9EAB2006385AE /* Config.swift */,
			);
			name = config;
			sourceTree = "<group>";
		};
		B77ABF141DE9EE9B006385AE /* row */ = {
			isa = PBXGroup;
			children = (
				B77ABF151DE9EECB006385AE /* GiocatoreViewCell.swift */,
				B77ABF161DE9EECB006385AE /* GiocatoreViewCell.xib */,
			);
			name = row;
			sourceTree = "<group>";
		};
		B77ABF191DE9F618006385AE /* utility */ = {
			isa = PBXGroup;
			children = (
				B77ABF1A1DE9F633006385AE /* extensions.swift */,
				1B43E7E91DEECAD900E6E358 /* GalleryController.swift */,
			);
			name = utility;
			sourceTree = "<group>";
		};
		B77ABF1C1DE9F6C5006385AE /* to */ = {
			isa = PBXGroup;
			children = (
				B77ABF1D1DE9F6D1006385AE /* Giocatore.swift */,
				B7EE8DCE1DEE21D100A0A863 /* Partita.swift */,
				B7BDEA021DEE4490008B3E6E /* ImageGallery.swift */,
			);
			name = to;
			sourceTree = "<group>";
		};
		D4ADB7D9B4CBD68CB5BF4224 /* Frameworks */ = {
			isa = PBXGroup;
			children = (
				3EB614648CBA49CC88FEA520 /* Pods_US_Real_San_Felice.framework */,
			);
			name = Frameworks;
			sourceTree = "<group>";
		};
		FDF140792B90D974ABB1CE1B /* Pods */ = {
			isa = PBXGroup;
			children = (
				4742A8594C7FEF2B3E81DBBE /* Pods-US Real San Felice.debug.xcconfig */,
				B006751C5D3A987B145CB180 /* Pods-US Real San Felice.release.xcconfig */,
			);
			name = Pods;
			sourceTree = "<group>";
		};
/* End PBXGroup section */

/* Begin PBXNativeTarget section */
		1B349E051DE6CF8600AFBB12 /* US Real San Felice */ = {
			isa = PBXNativeTarget;
			buildConfigurationList = 1B349E1B1DE6CF8600AFBB12 /* Build configuration list for PBXNativeTarget "US Real San Felice" */;
			buildPhases = (
				3100B5F44057CACB71C953C9 /* [CP] Check Pods Manifest.lock */,
				1B349E021DE6CF8600AFBB12 /* Sources */,
				1B349E031DE6CF8600AFBB12 /* Frameworks */,
				1B349E041DE6CF8600AFBB12 /* Resources */,
				A35C8FD5B293F8007BAA66A9 /* [CP] Embed Pods Frameworks */,
				1E12A16BF6CFF7A669F90761 /* [CP] Copy Pods Resources */,
			);
			buildRules = (
			);
			dependencies = (
			);
			name = "US Real San Felice";
			productName = "US Real San Felice";
			productReference = 1B349E061DE6CF8600AFBB12 /* US Real San Felice.app */;
			productType = "com.apple.product-type.application";
		};
/* End PBXNativeTarget section */

/* Begin PBXProject section */
		1B349DFE1DE6CF8600AFBB12 /* Project object */ = {
			isa = PBXProject;
			attributes = {
				LastSwiftUpdateCheck = 0810;
				LastUpgradeCheck = 0810;
				ORGANIZATIONNAME = "Russo Sabato";
				TargetAttributes = {
					1B349E051DE6CF8600AFBB12 = {
						CreatedOnToolsVersion = 8.1;
						DevelopmentTeam = PT7ZNLU7CB;
						ProvisioningStyle = Automatic;
					};
				};
			};
			buildConfigurationList = 1B349E011DE6CF8600AFBB12 /* Build configuration list for PBXProject "US Real San Felice" */;
			compatibilityVersion = "Xcode 3.2";
			developmentRegion = English;
			hasScannedForEncodings = 0;
			knownRegions = (
				en,
				Base,
			);
			mainGroup = 1B349DFD1DE6CF8600AFBB12;
			productRefGroup = 1B349E071DE6CF8600AFBB12 /* Products */;
			projectDirPath = "";
			projectRoot = "";
			targets = (
				1B349E051DE6CF8600AFBB12 /* US Real San Felice */,
			);
		};
/* End PBXProject section */

/* Begin PBXResourcesBuildPhase section */
		1B349E041DE6CF8600AFBB12 /* Resources */ = {
			isa = PBXResourcesBuildPhase;
			buildActionMask = 2147483647;
			files = (
				1B349E171DE6CF8600AFBB12 /* LaunchScreen.storyboard in Resources */,
				1B349E141DE6CF8600AFBB12 /* Assets.xcassets in Resources */,
				B77ABF181DE9EECB006385AE /* GiocatoreViewCell.xib in Resources */,
				1B349E0F1DE6CF8600AFBB12 /* Main.storyboard in Resources */,
				B77ABF221DEA1973006385AE /* ViewDettaglio.xib in Resources */,
				1B43E7EC1DEEF3FE00E6E358 /* GoogleService-Info.plist in Resources */,
			);
			runOnlyForDeploymentPostprocessing = 0;
		};
/* End PBXResourcesBuildPhase section */

/* Begin PBXShellScriptBuildPhase section */
		1E12A16BF6CFF7A669F90761 /* [CP] Copy Pods Resources */ = {
			isa = PBXShellScriptBuildPhase;
			buildActionMask = 2147483647;
			files = (
			);
			inputPaths = (
			);
			name = "[CP] Copy Pods Resources";
			outputPaths = (
			);
			runOnlyForDeploymentPostprocessing = 0;
			shellPath = /bin/sh;
			shellScript = "\"${SRCROOT}/Pods/Target Support Files/Pods-US Real San Felice/Pods-US Real San Felice-resources.sh\"\n";
			showEnvVarsInLog = 0;
		};
		3100B5F44057CACB71C953C9 /* [CP] Check Pods Manifest.lock */ = {
			isa = PBXShellScriptBuildPhase;
			buildActionMask = 2147483647;
			files = (
			);
			inputPaths = (
			);
			name = "[CP] Check Pods Manifest.lock";
			outputPaths = (
			);
			runOnlyForDeploymentPostprocessing = 0;
			shellPath = /bin/sh;
			shellScript = "diff \"${PODS_ROOT}/../Podfile.lock\" \"${PODS_ROOT}/Manifest.lock\" > /dev/null\nif [ $? != 0 ] ; then\n    # print error to STDERR\n    echo \"error: The sandbox is not in sync with the Podfile.lock. Run 'pod install' or update your CocoaPods installation.\" >&2\n    exit 1\nfi\n";
			showEnvVarsInLog = 0;
		};
		A35C8FD5B293F8007BAA66A9 /* [CP] Embed Pods Frameworks */ = {
			isa = PBXShellScriptBuildPhase;
			buildActionMask = 2147483647;
			files = (
			);
			inputPaths = (
			);
			name = "[CP] Embed Pods Frameworks";
			outputPaths = (
			);
			runOnlyForDeploymentPostprocessing = 0;
			shellPath = /bin/sh;
			shellScript = "\"${SRCROOT}/Pods/Target Support Files/Pods-US Real San Felice/Pods-US Real San Felice-frameworks.sh\"\n";
			showEnvVarsInLog = 0;
		};
/* End PBXShellScriptBuildPhase section */

/* Begin PBXSourcesBuildPhase section */
		1B349E021DE6CF8600AFBB12 /* Sources */ = {
			isa = PBXSourcesBuildPhase;
			buildActionMask = 2147483647;
			files = (
				1B3F30D21DEC239800D1C442 /* ViewDettagli.swift in Sources */,
				B77ABF101DE9E872006385AE /* RosaController.swift in Sources */,
				1B349E0C1DE6CF8600AFBB12 /* HomeController.swift in Sources */,
				B77ABF131DE9EAB2006385AE /* Config.swift in Sources */,
				B77ABF1B1DE9F633006385AE /* extensions.swift in Sources */,
				1B349E121DE6CF8600AFBB12 /* US_Real_San_Felice.xcdatamodeld in Sources */,
				B77ABF171DE9EECB006385AE /* GiocatoreViewCell.swift in Sources */,
				1B3F30D41DEC4A2000D1C442 /* ConvocatiController.swift in Sources */,
				1B43E7EA1DEECAD900E6E358 /* GalleryController.swift in Sources */,
				1B349E0A1DE6CF8600AFBB12 /* AppDelegate.swift in Sources */,
				B7EE8DCF1DEE21D100A0A863 /* Partita.swift in Sources */,
				B7BDEA031DEE4490008B3E6E /* ImageGallery.swift in Sources */,
				B77ABF1E1DE9F6D1006385AE /* Giocatore.swift in Sources */,
				B77ABF201DEA08E8006385AE /* DettaglioGiocatoreController.swift in Sources */,
			);
			runOnlyForDeploymentPostprocessing = 0;
		};
/* End PBXSourcesBuildPhase section */

/* Begin PBXVariantGroup section */
		1B349E0D1DE6CF8600AFBB12 /* Main.storyboard */ = {
			isa = PBXVariantGroup;
			children = (
				1B349E0E1DE6CF8600AFBB12 /* Base */,
			);
			name = Main.storyboard;
			sourceTree = "<group>";
		};
		1B349E151DE6CF8600AFBB12 /* LaunchScreen.storyboard */ = {
			isa = PBXVariantGroup;
			children = (
				1B349E161DE6CF8600AFBB12 /* Base */,
			);
			name = LaunchScreen.storyboard;
			sourceTree = "<group>";
		};
/* End PBXVariantGroup section */

/* Begin XCBuildConfiguration section */
		1B349E191DE6CF8600AFBB12 /* Debug */ = {
			isa = XCBuildConfiguration;
			buildSettings = {
				ALWAYS_SEARCH_USER_PATHS = NO;
				CLANG_ANALYZER_NONNULL = YES;
				CLANG_CXX_LANGUAGE_STANDARD = "gnu++0x";
				CLANG_CXX_LIBRARY = "libc++";
				CLANG_ENABLE_MODULES = YES;
				CLANG_ENABLE_OBJC_ARC = YES;
				CLANG_WARN_BOOL_CONVERSION = YES;
				CLANG_WARN_CONSTANT_CONVERSION = YES;
				CLANG_WARN_DIRECT_OBJC_ISA_USAGE = YES_ERROR;
				CLANG_WARN_DOCUMENTATION_COMMENTS = YES;
				CLANG_WARN_EMPTY_BODY = YES;
				CLANG_WARN_ENUM_CONVERSION = YES;
				CLANG_WARN_INFINITE_RECURSION = YES;
				CLANG_WARN_INT_CONVERSION = YES;
				CLANG_WARN_OBJC_ROOT_CLASS = YES_ERROR;
				CLANG_WARN_SUSPICIOUS_MOVES = YES;
				CLANG_WARN_UNREACHABLE_CODE = YES;
				CLANG_WARN__DUPLICATE_METHOD_MATCH = YES;
				"CODE_SIGN_IDENTITY[sdk=iphoneos*]" = "iPhone Developer";
				COPY_PHASE_STRIP = NO;
				DEBUG_INFORMATION_FORMAT = dwarf;
				ENABLE_STRICT_OBJC_MSGSEND = YES;
				ENABLE_TESTABILITY = YES;
				GCC_C_LANGUAGE_STANDARD = gnu99;
				GCC_DYNAMIC_NO_PIC = NO;
				GCC_NO_COMMON_BLOCKS = YES;
				GCC_OPTIMIZATION_LEVEL = 0;
				GCC_PREPROCESSOR_DEFINITIONS = (
					"DEBUG=1",
					"$(inherited)",
				);
				GCC_WARN_64_TO_32_BIT_CONVERSION = YES;
				GCC_WARN_ABOUT_RETURN_TYPE = YES_ERROR;
				GCC_WARN_UNDECLARED_SELECTOR = YES;
				GCC_WARN_UNINITIALIZED_AUTOS = YES_AGGRESSIVE;
				GCC_WARN_UNUSED_FUNCTION = YES;
				GCC_WARN_UNUSED_VARIABLE = YES;
				IPHONEOS_DEPLOYMENT_TARGET = 10.1;
				MTL_ENABLE_DEBUG_INFO = YES;
				ONLY_ACTIVE_ARCH = YES;
				SDKROOT = iphoneos;
				SWIFT_ACTIVE_COMPILATION_CONDITIONS = DEBUG;
				SWIFT_OPTIMIZATION_LEVEL = "-Onone";
				TARGETED_DEVICE_FAMILY = "1,2";
			};
			name = Debug;
		};
		1B349E1A1DE6CF8600AFBB12 /* Release */ = {
			isa = XCBuildConfiguration;
			buildSettings = {
				ALWAYS_SEARCH_USER_PATHS = NO;
				CLANG_ANALYZER_NONNULL = YES;
				CLANG_CXX_LANGUAGE_STANDARD = "gnu++0x";
				CLANG_CXX_LIBRARY = "libc++";
				CLANG_ENABLE_MODULES = YES;
				CLANG_ENABLE_OBJC_ARC = YES;
				CLANG_WARN_BOOL_CONVERSION = YES;
				CLANG_WARN_CONSTANT_CONVERSION = YES;
				CLANG_WARN_DIRECT_OBJC_ISA_USAGE = YES_ERROR;
				CLANG_WARN_DOCUMENTATION_COMMENTS = YES;
				CLANG_WARN_EMPTY_BODY = YES;
				CLANG_WARN_ENUM_CONVERSION = YES;
				CLANG_WARN_INFINITE_RECURSION = YES;
				CLANG_WARN_INT_CONVERSION = YES;
				CLANG_WARN_OBJC_ROOT_CLASS = YES_ERROR;
				CLANG_WARN_SUSPICIOUS_MOVES = YES;
				CLANG_WARN_UNREACHABLE_CODE = YES;
				CLANG_WARN__DUPLICATE_METHOD_MATCH = YES;
				"CODE_SIGN_IDENTITY[sdk=iphoneos*]" = "iPhone Developer";
				COPY_PHASE_STRIP = NO;
				DEBUG_INFORMATION_FORMAT = "dwarf-with-dsym";
				ENABLE_NS_ASSERTIONS = NO;
				ENABLE_STRICT_OBJC_MSGSEND = YES;
				GCC_C_LANGUAGE_STANDARD = gnu99;
				GCC_NO_COMMON_BLOCKS = YES;
				GCC_WARN_64_TO_32_BIT_CONVERSION = YES;
				GCC_WARN_ABOUT_RETURN_TYPE = YES_ERROR;
				GCC_WARN_UNDECLARED_SELECTOR = YES;
				GCC_WARN_UNINITIALIZED_AUTOS = YES_AGGRESSIVE;
				GCC_WARN_UNUSED_FUNCTION = YES;
				GCC_WARN_UNUSED_VARIABLE = YES;
				IPHONEOS_DEPLOYMENT_TARGET = 10.1;
				MTL_ENABLE_DEBUG_INFO = NO;
				SDKROOT = iphoneos;
				SWIFT_OPTIMIZATION_LEVEL = "-Owholemodule";
				TARGETED_DEVICE_FAMILY = "1,2";
				VALIDATE_PRODUCT = YES;
			};
			name = Release;
		};
		1B349E1C1DE6CF8600AFBB12 /* Debug */ = {
			isa = XCBuildConfiguration;
			baseConfigurationReference = 4742A8594C7FEF2B3E81DBBE /* Pods-US Real San Felice.debug.xcconfig */;
			buildSettings = {
				ASSETCATALOG_COMPILER_APPICON_NAME = AppIcon;
				DEVELOPMENT_TEAM = PT7ZNLU7CB;
				INFOPLIST_FILE = "US Real San Felice/Info.plist";
				LD_RUNPATH_SEARCH_PATHS = "$(inherited) @executable_path/Frameworks";
				PRODUCT_BUNDLE_IDENTIFIER = srusso.usrealsanfelice.ios;
				PRODUCT_NAME = "$(TARGET_NAME)";
				SWIFT_VERSION = 3.0;
				TARGETED_DEVICE_FAMILY = 1;
			};
			name = Debug;
		};
		1B349E1D1DE6CF8600AFBB12 /* Release */ = {
			isa = XCBuildConfiguration;
			baseConfigurationReference = B006751C5D3A987B145CB180 /* Pods-US Real San Felice.release.xcconfig */;
			buildSettings = {
				ASSETCATALOG_COMPILER_APPICON_NAME = AppIcon;
				DEVELOPMENT_TEAM = PT7ZNLU7CB;
				INFOPLIST_FILE = "US Real San Felice/Info.plist";
				LD_RUNPATH_SEARCH_PATHS = "$(inherited) @executable_path/Frameworks";
				PRODUCT_BUNDLE_IDENTIFIER = srusso.usrealsanfelice.ios;
				PRODUCT_NAME = "$(TARGET_NAME)";
				SWIFT_VERSION = 3.0;
				TARGETED_DEVICE_FAMILY = 1;
			};
			name = Release;
		};
/* End XCBuildConfiguration section */

/* Begin XCConfigurationList section */
		1B349E011DE6CF8600AFBB12 /* Build configuration list for PBXProject "US Real San Felice" */ = {
			isa = XCConfigurationList;
			buildConfigurations = (
				1B349E191DE6CF8600AFBB12 /* Debug */,
				1B349E1A1DE6CF8600AFBB12 /* Release */,
			);
			defaultConfigurationIsVisible = 0;
			defaultConfigurationName = Release;
		};
		1B349E1B1DE6CF8600AFBB12 /* Build configuration list for PBXNativeTarget "US Real San Felice" */ = {
			isa = XCConfigurationList;
			buildConfigurations = (
				1B349E1C1DE6CF8600AFBB12 /* Debug */,
				1B349E1D1DE6CF8600AFBB12 /* Release */,
			);
			defaultConfigurationIsVisible = 0;
			defaultConfigurationName = Release;
		};
/* End XCConfigurationList section */

/* Begin XCVersionGroup section */
		1B349E101DE6CF8600AFBB12 /* US_Real_San_Felice.xcdatamodeld */ = {
			isa = XCVersionGroup;
			children = (
				1B349E111DE6CF8600AFBB12 /* US_Real_San_Felice.xcdatamodel */,
			);
			currentVersion = 1B349E111DE6CF8600AFBB12 /* US_Real_San_Felice.xcdatamodel */;
			path = US_Real_San_Felice.xcdatamodeld;
			sourceTree = "<group>";
			versionGroupType = wrapper.xcdatamodel;
		};
/* End XCVersionGroup section */
	};
	rootObject = 1B349DFE1DE6CF8600AFBB12 /* Project object */;
}
